{
  "version": 4,
  "terraform_version": "0.12.24",
  "serial": 568,
  "lineage": "2cc3bf49-7e50-ed3d-2242-ef3760f4f452",
  "outputs": {
    "random_string": {
      "value": "ASIQVMEVRXWVPFGHSQMFIWV",
      "type": "string"
    }
  },
  "resources": [
    {
      "mode": "data",
      "type": "aws_ami",
      "name": "ami_ubuntu",
      "provider": "provider.aws",
      "instances": [
        {
          "schema_version": 0,
          "attributes": {
            "architecture": "x86_64",
            "block_device_mappings": [
              {
                "device_name": "/dev/sda1",
                "ebs": {
                  "delete_on_termination": "true",
                  "encrypted": "false",
                  "iops": "0",
                  "snapshot_id": "snap-04380c2d33633ce33",
                  "volume_size": "8",
                  "volume_type": "gp2"
                },
                "no_device": "",
                "virtual_name": ""
              },
              {
                "device_name": "/dev/sdb",
                "ebs": {},
                "no_device": "",
                "virtual_name": "ephemeral0"
              },
              {
                "device_name": "/dev/sdc",
                "ebs": {},
                "no_device": "",
                "virtual_name": "ephemeral1"
              }
            ],
            "creation_date": "2020-04-09T16:44:38.000Z",
            "description": "Canonical, Ubuntu, 18.04 LTS, amd64 bionic image build on 2020-04-08",
            "executable_users": null,
            "filter": [
              {
                "name": "name",
                "values": [
                  "ubuntu/images/hvm-ssd/ubuntu-bionic-18.04-amd64-server-*"
                ]
              },
              {
                "name": "virtualization-type",
                "values": [
                  "hvm"
                ]
              }
            ],
            "hypervisor": "xen",
            "id": "ami-0e342d72b12109f91",
            "image_id": "ami-0e342d72b12109f91",
            "image_location": "099720109477/ubuntu/images/hvm-ssd/ubuntu-bionic-18.04-amd64-server-20200408",
            "image_owner_alias": null,
            "image_type": "machine",
            "kernel_id": null,
            "most_recent": true,
            "name": "ubuntu/images/hvm-ssd/ubuntu-bionic-18.04-amd64-server-20200408",
            "name_regex": null,
            "owner_id": "099720109477",
            "owners": [
              "099720109477"
            ],
            "platform": null,
            "product_codes": [],
            "public": true,
            "ramdisk_id": null,
            "root_device_name": "/dev/sda1",
            "root_device_type": "ebs",
            "root_snapshot_id": "snap-04380c2d33633ce33",
            "sriov_net_support": "simple",
            "state": "available",
            "state_reason": {
              "code": "UNSET",
              "message": "UNSET"
            },
            "tags": {},
            "virtualization_type": "hvm"
          }
        }
      ]
    },
    {
      "mode": "data",
      "type": "aws_iam_policy_document",
      "name": "iam_policy_document_ec2",
      "provider": "provider.aws",
      "instances": [
        {
          "schema_version": 0,
          "attributes": {
            "id": "1903849331",
            "json": "{\n  \"Version\": \"2012-10-17\",\n  \"Statement\": [\n    {\n      \"Sid\": \"\",\n      \"Effect\": \"Allow\",\n      \"Action\": \"sts:AssumeRole\",\n      \"Principal\": {\n        \"Service\": \"ec2.amazonaws.com\"\n      }\n    }\n  ]\n}",
            "override_json": null,
            "policy_id": null,
            "source_json": null,
            "statement": [
              {
                "actions": [
                  "sts:AssumeRole"
                ],
                "condition": [],
                "effect": "Allow",
                "not_actions": [],
                "not_principals": [],
                "not_resources": [],
                "principals": [
                  {
                    "identifiers": [
                      "ec2.amazonaws.com"
                    ],
                    "type": "Service"
                  }
                ],
                "resources": [],
                "sid": ""
              }
            ],
            "version": "2012-10-17"
          }
        }
      ]
    },
    {
      "mode": "data",
      "type": "http",
      "name": "workstation_external_ip",
      "provider": "provider.http",
      "instances": [
        {
          "schema_version": 0,
          "attributes": {
            "body": "82.17.235.49\n",
            "id": "2020-04-20 13:53:16.95700911 +0000 UTC",
            "request_headers": null,
            "response_headers": {
              "Access-Control-Allow-Methods": "GET",
              "Access-Control-Allow-Origin": "*",
              "Alt-Svc": "h3-27=\":443\"; ma=86400, h3-25=\":443\"; ma=86400, h3-24=\":443\"; ma=86400, h3-23=\":443\"; ma=86400",
              "Cf-Ray": "586f59c13b42dc3b-LHR",
              "Cf-Request-Id": "0239766cc10000dc3b07aa0200000001",
              "Connection": "keep-alive",
              "Content-Length": "13",
              "Content-Type": "text/plain",
              "Date": "Mon, 20 Apr 2020 13:53:16 GMT",
              "Server": "cloudflare",
              "Set-Cookie": "__cfduid=d45a50ec3e8a9ad9438268f1f76bce9bb1587390796; expires=Wed, 20-May-20 13:53:16 GMT; path=/; domain=.icanhazip.com; HttpOnly; SameSite=Lax",
              "Vary": "Accept-Encoding",
              "X-Rtfm": "Learn about this site at http://bit.ly/icanhazip-faq and do not abuse the service.",
              "X-Security": "This site DOES NOT distribute malware. Get the facts. https://goo.gl/1FhVpg",
              "X-Worker-Version": "20190626_1"
            },
            "url": "http://icanhazip.com"
          }
        }
      ]
    },
    {
      "mode": "data",
      "type": "template_file",
      "name": "userdata",
      "provider": "provider.template",
      "instances": [
        {
          "schema_version": 0,
          "attributes": {
            "filename": null,
            "id": "2ea507618defdd88b55819340c8a9c01f016d2c5e0e3b6975198f11d5404dd7b",
            "rendered": "#!/bin/bash\nsudo apt-get update -y\n\n## Install prerequisites\nsudo apt-get install curl gnupg -y\n\n## Install RabbitMQ signing key\ncurl -fsSL https://github.com/rabbitmq/signing-keys/releases/download/2.0/rabbitmq-release-signing-key.asc | sudo apt-key add -\n\n## Install apt HTTPS transport\nsudo apt-get install apt-transport-https\n\n## Add Bintray repositories that provision latest RabbitMQ and Erlang 21.x releases\nsudo tee /etc/apt/sources.list.d/bintray.rabbitmq.list \u003c\u003cEOF\ndeb https://dl.bintray.com/rabbitmq-erlang/debian bionic erlang\ndeb https://dl.bintray.com/rabbitmq/debian bionic main\nEOF\n\n## Update package indices\nsudo apt-get update -y\n\n# ## Install rabbitmq-server and its dependencies\nsudo apt-get install rabbitmq-server -y --fix-missing\nsudo service rabbitmq-server stop\n\n# # Stop rabbitmq-server\nsudo service rabbitmq-server stop\n\n# # Plugin install\nrabbitmq-plugins --offline enable rabbitmq_peer_discovery_aws rabbitmq_management\n\n# now enable them into the current rabbitmq installation.\n# rabbitmq-plugins enable rabbitmq_event_exchange rabbitmq_management rabbitmq_management_agent rabbitmq_shovel rabbitmq_shovel_management rabbitmq_tracing\n\n# Config File\nsudo tee /etc/rabbitmq/rabbitmq.conf \u003c\u003cEOF\ncluster_formation.peer_discovery_backend = rabbit_peer_discovery_aws\ncluster_formation.aws.region = eu-central-1\n\ncluster_formation.aws.instance_tags.Application = rabbitmq\ncluster_formation.aws.instance_tags.Environment = prod\ncluster_formation.aws.instance_tags.ApplicationCategory = rabbitmq-server\n\ncluster_formation.node_cleanup.only_log_warning = false\n\nlog.file.level = debug\nEOF\n\necho \"ASIQVMEVRXWVPFGHSQMFIWV\" \u003e /var/lib/rabbitmq/.erlang.cookie\n\nrm -fr /var/lib/rabbitmq/*\nrm -fr /var/log/rabbitmq/*\n\n# Start Service\nsudo service rabbitmq-server start\n\n# Add a new vhost\n# /usr/sbin/rabbitmqctl add_vhost /main/\n\n# Add a new admin user\n# Change the value of \u003csome-extra-secure-password\u003e\n/usr/sbin/rabbitmqctl add_user admin admin\n/usr/sbin/rabbitmqctl set_user_tags admin administrator\n\n# Setting permissions to the admin user to the two vhosts we have.\n/usr/sbin/rabbitmqctl set_permissions -p / admin \".*\" \".*\" \".*\"\n# /usr/sbin/rabbitmqctl set_permissions -p /main/ admin \".*\" \".*\" \".*\"\n\n# Set some policies.\n/usr/sbin/rabbitmqctl set_policy -p / qml-policy \".*\" '{\"queue-master-locator\":\"random\"}'\n# /usr/sbin/rabbitmqctl set_policy -p /main/ uae-policy \".*\" '{\"queue-master-locator\":\"random\", \"ha-mode\": \"all\", \"ha-sync-mode\": \"automatic\"}'\n\nrabbitmqctl set_cluster_name rabbitmq-cluster-poc\n",
            "template": "#!/bin/bash\nsudo apt-get update -y\n\n## Install prerequisites\nsudo apt-get install curl gnupg -y\n\n## Install RabbitMQ signing key\ncurl -fsSL https://github.com/rabbitmq/signing-keys/releases/download/2.0/rabbitmq-release-signing-key.asc | sudo apt-key add -\n\n## Install apt HTTPS transport\nsudo apt-get install apt-transport-https\n\n## Add Bintray repositories that provision latest RabbitMQ and Erlang 21.x releases\nsudo tee /etc/apt/sources.list.d/bintray.rabbitmq.list \u003c\u003cEOF\ndeb https://dl.bintray.com/rabbitmq-erlang/debian bionic erlang\ndeb https://dl.bintray.com/rabbitmq/debian bionic main\nEOF\n\n## Update package indices\nsudo apt-get update -y\n\n# ## Install rabbitmq-server and its dependencies\nsudo apt-get install rabbitmq-server -y --fix-missing\nsudo service rabbitmq-server stop\n\n# # Stop rabbitmq-server\nsudo service rabbitmq-server stop\n\n# # Plugin install\nrabbitmq-plugins --offline enable rabbitmq_peer_discovery_aws rabbitmq_management\n\n# now enable them into the current rabbitmq installation.\n# rabbitmq-plugins enable rabbitmq_event_exchange rabbitmq_management rabbitmq_management_agent rabbitmq_shovel rabbitmq_shovel_management rabbitmq_tracing\n\n# Config File\nsudo tee /etc/rabbitmq/rabbitmq.conf \u003c\u003cEOF\ncluster_formation.peer_discovery_backend = rabbit_peer_discovery_aws\ncluster_formation.aws.region = eu-central-1\n\ncluster_formation.aws.instance_tags.Application = rabbitmq\ncluster_formation.aws.instance_tags.Environment = prod\ncluster_formation.aws.instance_tags.ApplicationCategory = rabbitmq-server\n\ncluster_formation.node_cleanup.only_log_warning = false\n\nlog.file.level = debug\nEOF\n\necho \"${RANDOM_COOKIE}\" \u003e /var/lib/rabbitmq/.erlang.cookie\n\nrm -fr /var/lib/rabbitmq/*\nrm -fr /var/log/rabbitmq/*\n\n# Start Service\nsudo service rabbitmq-server start\n\n# Add a new vhost\n# /usr/sbin/rabbitmqctl add_vhost /main/\n\n# Add a new admin user\n# Change the value of \u003csome-extra-secure-password\u003e\n/usr/sbin/rabbitmqctl add_user admin admin\n/usr/sbin/rabbitmqctl set_user_tags admin administrator\n\n# Setting permissions to the admin user to the two vhosts we have.\n/usr/sbin/rabbitmqctl set_permissions -p / admin \".*\" \".*\" \".*\"\n# /usr/sbin/rabbitmqctl set_permissions -p /main/ admin \".*\" \".*\" \".*\"\n\n# Set some policies.\n/usr/sbin/rabbitmqctl set_policy -p / qml-policy \".*\" '{\"queue-master-locator\":\"random\"}'\n# /usr/sbin/rabbitmqctl set_policy -p /main/ uae-policy \".*\" '{\"queue-master-locator\":\"random\", \"ha-mode\": \"all\", \"ha-sync-mode\": \"automatic\"}'\n\nrabbitmqctl set_cluster_name ${CLUSTER_NAME}\n",
            "vars": {
              "CLUSTER_NAME": "rabbitmq-cluster-poc",
              "RANDOM_COOKIE": "ASIQVMEVRXWVPFGHSQMFIWV"
            }
          }
        }
      ]
    },
    {
      "module": "module.autoscaling_group_ec2",
      "mode": "managed",
      "type": "aws_autoscaling_group",
      "name": "autoscaling_group",
      "provider": "provider.aws.services",
      "instances": [
        {
          "schema_version": 0,
          "attributes": {
            "arn": "arn:aws:autoscaling:eu-central-1:074912011001:autoScalingGroup:d51c6300-c61e-4777-afe0-4dbe4815c9bb:autoScalingGroupName/rabbitmq-asg-ec2-20200420094016944300000006",
            "availability_zones": [
              "eu-central-1a",
              "eu-central-1b"
            ],
            "default_cooldown": 1,
            "desired_capacity": 3,
            "enabled_metrics": [],
            "force_delete": true,
            "health_check_grace_period": 1,
            "health_check_type": "EC2",
            "id": "rabbitmq-asg-ec2-20200420094016944300000006",
            "initial_lifecycle_hook": [],
            "launch_configuration": "",
            "launch_template": [],
            "load_balancers": [],
            "max_instance_lifetime": 0,
            "max_size": 5,
            "metrics_granularity": "1Minute",
            "min_elb_capacity": null,
            "min_size": 0,
            "mixed_instances_policy": [
              {
                "instances_distribution": [
                  {
                    "on_demand_allocation_strategy": "prioritized",
                    "on_demand_base_capacity": 0,
                    "on_demand_percentage_above_base_capacity": 0,
                    "spot_allocation_strategy": "capacity-optimized",
                    "spot_instance_pools": 0,
                    "spot_max_price": ""
                  }
                ],
                "launch_template": [
                  {
                    "launch_template_specification": [
                      {
                        "launch_template_id": "lt-0a4f607f34534aa8d",
                        "launch_template_name": "rabbitmq-lt-20200420094016227400000004",
                        "version": "$Latest"
                      }
                    ],
                    "override": [
                      {
                        "instance_type": "t3.large",
                        "weighted_capacity": ""
                      },
                      {
                        "instance_type": "t3.xlarge",
                        "weighted_capacity": ""
                      }
                    ]
                  }
                ]
              }
            ],
            "name": "rabbitmq-asg-ec2-20200420094016944300000006",
            "name_prefix": "rabbitmq-asg-ec2-",
            "placement_group": "",
            "protect_from_scale_in": false,
            "service_linked_role_arn": "arn:aws:iam::074912011001:role/aws-service-role/autoscaling.amazonaws.com/AWSServiceRoleForAutoScaling",
            "suspended_processes": [],
            "tag": [
              {
                "key": "Application",
                "propagate_at_launch": true,
                "value": "rabbitmq"
              },
              {
                "key": "ApplicationCategory",
                "propagate_at_launch": true,
                "value": "rabbitmq-server"
              },
              {
                "key": "BusinessUnit",
                "propagate_at_launch": true,
                "value": "Platform Team"
              },
              {
                "key": "Environment",
                "propagate_at_launch": true,
                "value": "prod"
              },
              {
                "key": "Name",
                "propagate_at_launch": true,
                "value": "rabbitmq-ec2-insance"
              },
              {
                "key": "Owner",
                "propagate_at_launch": true,
                "value": "Platform Team"
              },
              {
                "key": "Project",
                "propagate_at_launch": true,
                "value": "POC"
              }
            ],
            "tags": null,
            "target_group_arns": [
              "arn:aws:elasticloadbalancing:eu-central-1:074912011001:targetgroup/rabbitmq-alb-tg/ddd9f30b9a844171"
            ],
            "termination_policies": [],
            "timeouts": null,
            "vpc_zone_identifier": [
              "subnet-0764fa88e3791e8ae",
              "subnet-0f738b73821a022a0"
            ],
            "wait_for_capacity_timeout": "10m",
            "wait_for_elb_capacity": null
          },
          "private": "eyJlMmJmYjczMC1lY2FhLTExZTYtOGY4OC0zNDM2M2JjN2M0YzAiOnsiZGVsZXRlIjo2MDAwMDAwMDAwMDB9fQ==",
          "dependencies": [
            "module.alb_target_group.aws_lb_target_group.lb_target_group",
            "module.launch_template.aws_launch_template.launch_template",
            "module.vpc_subnet_private_1a.aws_subnet.subnet",
            "module.vpc_subnet_private_1b.aws_subnet.subnet"
          ]
        }
      ]
    },
    {
      "module": "module.eip_nat_gateway_1b",
      "mode": "managed",
      "type": "aws_eip",
      "name": "eip",
      "provider": "provider.aws",
      "instances": [
        {
          "schema_version": 0,
          "attributes": {
            "allocation_id": null,
            "associate_with_private_ip": null,
            "association_id": "eipassoc-557fc08f",
            "domain": "vpc",
            "id": "eipalloc-0b581530b10e65dc9",
            "instance": "",
            "network_interface": "eni-0d13bb5f971ec4311",
            "private_dns": "ip-10-0-101-70.eu-central-1.compute.internal",
            "private_ip": "10.0.101.70",
            "public_dns": "ec2-18-156-149-255.eu-central-1.compute.amazonaws.com",
            "public_ip": "18.156.149.255",
            "public_ipv4_pool": "amazon",
            "tags": {
              "BusinessUnit": "Platform Team",
              "Environment": "prod",
              "Name": "rabbitmq-eip-nat-gateway-1b",
              "Owner": "Platform Team",
              "Project": "POC"
            },
            "timeouts": null,
            "vpc": true
          },
          "private": "eyJlMmJmYjczMC1lY2FhLTExZTYtOGY4OC0zNDM2M2JjN2M0YzAiOnsiZGVsZXRlIjoxODAwMDAwMDAwMDAsInJlYWQiOjkwMDAwMDAwMDAwMCwidXBkYXRlIjozMDAwMDAwMDAwMDB9fQ=="
        }
      ]
    },
    {
      "module": "module.eip_nat_gateway_1a",
      "mode": "managed",
      "type": "aws_eip",
      "name": "eip",
      "provider": "provider.aws",
      "instances": [
        {
          "schema_version": 0,
          "attributes": {
            "allocation_id": null,
            "associate_with_private_ip": null,
            "association_id": "eipassoc-aba93266",
            "domain": "vpc",
            "id": "eipalloc-085e4225a01943b83",
            "instance": "",
            "network_interface": "eni-05a30b9fb9b19573d",
            "private_dns": "ip-10-0-59-161.eu-central-1.compute.internal",
            "private_ip": "10.0.59.161",
            "public_dns": "ec2-3-123-148-37.eu-central-1.compute.amazonaws.com",
            "public_ip": "3.123.148.37",
            "public_ipv4_pool": "amazon",
            "tags": {
              "BusinessUnit": "Platform Team",
              "Environment": "prod",
              "Name": "rabbitmq-eip-nat-gateway-1a",
              "Owner": "Platform Team",
              "Project": "POC"
            },
            "timeouts": null,
            "vpc": true
          },
          "private": "eyJlMmJmYjczMC1lY2FhLTExZTYtOGY4OC0zNDM2M2JjN2M0YzAiOnsiZGVsZXRlIjoxODAwMDAwMDAwMDAsInJlYWQiOjkwMDAwMDAwMDAwMCwidXBkYXRlIjozMDAwMDAwMDAwMDB9fQ=="
        }
      ]
    },
    {
      "module": "module.iam_instance_profile_ec2",
      "mode": "managed",
      "type": "aws_iam_instance_profile",
      "name": "iam_instance_profile",
      "provider": "provider.aws.services",
      "instances": [
        {
          "schema_version": 0,
          "attributes": {
            "arn": "arn:aws:iam::074912011001:instance-profile/rabbitmq-iam-role-ec2",
            "create_date": "2020-04-20T09:40:13Z",
            "id": "rabbitmq-iam-role-ec2",
            "name": "rabbitmq-iam-role-ec2",
            "name_prefix": null,
            "path": "/",
            "role": "rabbitmq-iam-role-ec2",
            "roles": [
              "rabbitmq-iam-role-ec2"
            ],
            "unique_id": "AIPARC4I2SL43YMEMIOA2"
          },
          "private": "bnVsbA==",
          "dependencies": [
            "module.iam_role_ec2.aws_iam_role.iam_role"
          ]
        }
      ]
    },
    {
      "module": "module.iam_role_ec2",
      "mode": "managed",
      "type": "aws_iam_role",
      "name": "iam_role",
      "provider": "provider.aws.services",
      "instances": [
        {
          "schema_version": 0,
          "attributes": {
            "arn": "arn:aws:iam::074912011001:role/rabbitmq-iam-role-ec2",
            "assume_role_policy": "{\"Version\":\"2012-10-17\",\"Statement\":[{\"Sid\":\"\",\"Effect\":\"Allow\",\"Principal\":{\"Service\":\"ec2.amazonaws.com\"},\"Action\":\"sts:AssumeRole\"}]}",
            "create_date": "2020-04-20T09:40:11Z",
            "description": "IAM Role for Rabbitmq ec2 nodes",
            "force_detach_policies": true,
            "id": "rabbitmq-iam-role-ec2",
            "max_session_duration": 3600,
            "name": "rabbitmq-iam-role-ec2",
            "name_prefix": null,
            "path": "/",
            "permissions_boundary": null,
            "tags": {
              "BusinessUnit": "Platform Team",
              "Environment": "prod",
              "Name": "rabbitmq-iam-role-ec2",
              "Owner": "Platform Team",
              "Project": "POC"
            },
            "unique_id": "AROARC4I2SL4QDLB2IGVS"
          },
          "private": "bnVsbA=="
        }
      ]
    },
    {
      "module": "module.iam_role_policy_attachment_AmazonEC2ReadOnlyAccess",
      "mode": "managed",
      "type": "aws_iam_role_policy_attachment",
      "name": "iam_role_policy_attachment",
      "provider": "provider.aws.services",
      "instances": [
        {
          "schema_version": 0,
          "attributes": {
            "id": "rabbitmq-iam-role-ec2-20200420094011301800000003",
            "policy_arn": "arn:aws:iam::aws:policy/AmazonEC2ReadOnlyAccess",
            "role": "rabbitmq-iam-role-ec2"
          },
          "private": "bnVsbA==",
          "dependencies": [
            "module.iam_role_ec2.aws_iam_role.iam_role"
          ]
        }
      ]
    },
    {
      "module": "module.iam_role_policy_attachment_CloudWatchLogsFullAccess",
      "mode": "managed",
      "type": "aws_iam_role_policy_attachment",
      "name": "iam_role_policy_attachment",
      "provider": "provider.aws.services",
      "instances": [
        {
          "schema_version": 0,
          "attributes": {
            "id": "rabbitmq-iam-role-ec2-20200420094011300800000001",
            "policy_arn": "arn:aws:iam::aws:policy/CloudWatchLogsFullAccess",
            "role": "rabbitmq-iam-role-ec2"
          },
          "private": "bnVsbA==",
          "dependencies": [
            "module.iam_role_ec2.aws_iam_role.iam_role"
          ]
        }
      ]
    },
    {
      "module": "module.iam_role_policy_attachment_AmazonEC2RoleforSSM",
      "mode": "managed",
      "type": "aws_iam_role_policy_attachment",
      "name": "iam_role_policy_attachment",
      "provider": "provider.aws.services",
      "instances": [
        {
          "schema_version": 0,
          "attributes": {
            "id": "rabbitmq-iam-role-ec2-20200420094011301500000002",
            "policy_arn": "arn:aws:iam::aws:policy/service-role/AmazonEC2RoleforSSM",
            "role": "rabbitmq-iam-role-ec2"
          },
          "private": "bnVsbA==",
          "dependencies": [
            "module.iam_role_ec2.aws_iam_role.iam_role"
          ]
        }
      ]
    },
    {
      "module": "module.vpc_internet_gateway",
      "mode": "managed",
      "type": "aws_internet_gateway",
      "name": "internet_gateway",
      "provider": "provider.aws",
      "instances": [
        {
          "schema_version": 0,
          "attributes": {
            "id": "igw-0c93f1b8c11e2a700",
            "owner_id": "074912011001",
            "tags": {
              "BusinessUnit": "Platform Team",
              "Environment": "prod",
              "Name": "rabbitmq-vpc-internet-gateway",
              "Owner": "Platform Team",
              "Project": "POC"
            },
            "vpc_id": "vpc-05fa54f10e8dfa9f8"
          },
          "private": "bnVsbA==",
          "dependencies": [
            "module.vpc.aws_vpc.vpc"
          ]
        }
      ]
    },
    {
      "module": "module.launch_template",
      "mode": "managed",
      "type": "aws_launch_template",
      "name": "launch_template",
      "provider": "provider.aws.services",
      "instances": [
        {
          "schema_version": 0,
          "attributes": {
            "arn": "arn:aws:ec2:eu-central-1:074912011001:launch-template/lt-0a4f607f34534aa8d",
            "block_device_mappings": [
              {
                "device_name": "/dev/sda1",
                "ebs": [
                  {
                    "delete_on_termination": "",
                    "encrypted": "",
                    "iops": 0,
                    "kms_key_id": "",
                    "snapshot_id": "",
                    "volume_size": 20,
                    "volume_type": ""
                  }
                ],
                "no_device": "",
                "virtual_name": ""
              }
            ],
            "capacity_reservation_specification": [],
            "cpu_options": [],
            "credit_specification": [],
            "default_version": 1,
            "description": "RabbitMQ EC2 Launch Template",
            "disable_api_termination": false,
            "ebs_optimized": "true",
            "elastic_gpu_specifications": [],
            "elastic_inference_accelerator": [],
            "hibernation_options": [],
            "iam_instance_profile": [
              {
                "arn": "",
                "name": "rabbitmq-iam-role-ec2"
              }
            ],
            "id": "lt-0a4f607f34534aa8d",
            "image_id": "ami-0e342d72b12109f91",
            "instance_initiated_shutdown_behavior": "terminate",
            "instance_market_options": [],
            "instance_type": "",
            "kernel_id": "",
            "key_name": "",
            "latest_version": 8,
            "license_specification": [],
            "metadata_options": [],
            "monitoring": [],
            "name": "rabbitmq-lt-20200420094016227400000004",
            "name_prefix": "rabbitmq-lt-",
            "network_interfaces": [],
            "placement": [],
            "ram_disk_id": "",
            "security_group_names": [],
            "tag_specifications": [
              {
                "resource_type": "instance",
                "tags": {
                  "BusinessUnit": "Platform Team",
                  "Environment": "prod",
                  "Name": "rabbitmq-ec2-instance",
                  "Owner": "Platform Team",
                  "Project": "POC"
                }
              },
              {
                "resource_type": "volume",
                "tags": {
                  "BusinessUnit": "Platform Team",
                  "Environment": "prod",
                  "Name": "rabbitmq-ec2-instance-volume",
                  "Owner": "Platform Team",
                  "Project": "POC"
                }
              }
            ],
            "tags": {
              "BusinessUnit": "Platform Team",
              "Environment": "prod",
              "Name": "rabbitmq-iam-role-ec2",
              "Owner": "Platform Team",
              "Project": "POC"
            },
            "user_data": "IyEvYmluL2Jhc2gKc3VkbyBhcHQtZ2V0IHVwZGF0ZSAteQoKIyMgSW5zdGFsbCBwcmVyZXF1aXNpdGVzCnN1ZG8gYXB0LWdldCBpbnN0YWxsIGN1cmwgZ251cGcgLXkKCiMjIEluc3RhbGwgUmFiYml0TVEgc2lnbmluZyBrZXkKY3VybCAtZnNTTCBodHRwczovL2dpdGh1Yi5jb20vcmFiYml0bXEvc2lnbmluZy1rZXlzL3JlbGVhc2VzL2Rvd25sb2FkLzIuMC9yYWJiaXRtcS1yZWxlYXNlLXNpZ25pbmcta2V5LmFzYyB8IHN1ZG8gYXB0LWtleSBhZGQgLQoKIyMgSW5zdGFsbCBhcHQgSFRUUFMgdHJhbnNwb3J0CnN1ZG8gYXB0LWdldCBpbnN0YWxsIGFwdC10cmFuc3BvcnQtaHR0cHMKCiMjIEFkZCBCaW50cmF5IHJlcG9zaXRvcmllcyB0aGF0IHByb3Zpc2lvbiBsYXRlc3QgUmFiYml0TVEgYW5kIEVybGFuZyAyMS54IHJlbGVhc2VzCnN1ZG8gdGVlIC9ldGMvYXB0L3NvdXJjZXMubGlzdC5kL2JpbnRyYXkucmFiYml0bXEubGlzdCA8PEVPRgpkZWIgaHR0cHM6Ly9kbC5iaW50cmF5LmNvbS9yYWJiaXRtcS1lcmxhbmcvZGViaWFuIGJpb25pYyBlcmxhbmcKZGViIGh0dHBzOi8vZGwuYmludHJheS5jb20vcmFiYml0bXEvZGViaWFuIGJpb25pYyBtYWluCkVPRgoKIyMgVXBkYXRlIHBhY2thZ2UgaW5kaWNlcwpzdWRvIGFwdC1nZXQgdXBkYXRlIC15CgojICMjIEluc3RhbGwgcmFiYml0bXEtc2VydmVyIGFuZCBpdHMgZGVwZW5kZW5jaWVzCnN1ZG8gYXB0LWdldCBpbnN0YWxsIHJhYmJpdG1xLXNlcnZlciAteSAtLWZpeC1taXNzaW5nCnN1ZG8gc2VydmljZSByYWJiaXRtcS1zZXJ2ZXIgc3RvcAoKIyAjIFN0b3AgcmFiYml0bXEtc2VydmVyCnN1ZG8gc2VydmljZSByYWJiaXRtcS1zZXJ2ZXIgc3RvcAoKIyAjIFBsdWdpbiBpbnN0YWxsCnJhYmJpdG1xLXBsdWdpbnMgLS1vZmZsaW5lIGVuYWJsZSByYWJiaXRtcV9wZWVyX2Rpc2NvdmVyeV9hd3MgcmFiYml0bXFfbWFuYWdlbWVudAoKIyBub3cgZW5hYmxlIHRoZW0gaW50byB0aGUgY3VycmVudCByYWJiaXRtcSBpbnN0YWxsYXRpb24uCiMgcmFiYml0bXEtcGx1Z2lucyBlbmFibGUgcmFiYml0bXFfZXZlbnRfZXhjaGFuZ2UgcmFiYml0bXFfbWFuYWdlbWVudCByYWJiaXRtcV9tYW5hZ2VtZW50X2FnZW50IHJhYmJpdG1xX3Nob3ZlbCByYWJiaXRtcV9zaG92ZWxfbWFuYWdlbWVudCByYWJiaXRtcV90cmFjaW5nCgojIENvbmZpZyBGaWxlCnN1ZG8gdGVlIC9ldGMvcmFiYml0bXEvcmFiYml0bXEuY29uZiA8PEVPRgpjbHVzdGVyX2Zvcm1hdGlvbi5wZWVyX2Rpc2NvdmVyeV9iYWNrZW5kID0gcmFiYml0X3BlZXJfZGlzY292ZXJ5X2F3cwpjbHVzdGVyX2Zvcm1hdGlvbi5hd3MucmVnaW9uID0gZXUtY2VudHJhbC0xCgpjbHVzdGVyX2Zvcm1hdGlvbi5hd3MuaW5zdGFuY2VfdGFncy5BcHBsaWNhdGlvbiA9IHJhYmJpdG1xCmNsdXN0ZXJfZm9ybWF0aW9uLmF3cy5pbnN0YW5jZV90YWdzLkVudmlyb25tZW50ID0gcHJvZApjbHVzdGVyX2Zvcm1hdGlvbi5hd3MuaW5zdGFuY2VfdGFncy5BcHBsaWNhdGlvbkNhdGVnb3J5ID0gcmFiYml0bXEtc2VydmVyCgpjbHVzdGVyX2Zvcm1hdGlvbi5ub2RlX2NsZWFudXAub25seV9sb2dfd2FybmluZyA9IGZhbHNlCgpsb2cuZmlsZS5sZXZlbCA9IGRlYnVnCkVPRgoKZWNobyAiQVNJUVZNRVZSWFdWUEZHSFNRTUZJV1YiID4gL3Zhci9saWIvcmFiYml0bXEvLmVybGFuZy5jb29raWUKCnJtIC1mciAvdmFyL2xpYi9yYWJiaXRtcS8qCnJtIC1mciAvdmFyL2xvZy9yYWJiaXRtcS8qCgojIFN0YXJ0IFNlcnZpY2UKc3VkbyBzZXJ2aWNlIHJhYmJpdG1xLXNlcnZlciBzdGFydAoKIyBBZGQgYSBuZXcgdmhvc3QKIyAvdXNyL3NiaW4vcmFiYml0bXFjdGwgYWRkX3Zob3N0IC9tYWluLwoKIyBBZGQgYSBuZXcgYWRtaW4gdXNlcgojIENoYW5nZSB0aGUgdmFsdWUgb2YgPHNvbWUtZXh0cmEtc2VjdXJlLXBhc3N3b3JkPgovdXNyL3NiaW4vcmFiYml0bXFjdGwgYWRkX3VzZXIgYWRtaW4gYWRtaW4KL3Vzci9zYmluL3JhYmJpdG1xY3RsIHNldF91c2VyX3RhZ3MgYWRtaW4gYWRtaW5pc3RyYXRvcgoKIyBTZXR0aW5nIHBlcm1pc3Npb25zIHRvIHRoZSBhZG1pbiB1c2VyIHRvIHRoZSB0d28gdmhvc3RzIHdlIGhhdmUuCi91c3Ivc2Jpbi9yYWJiaXRtcWN0bCBzZXRfcGVybWlzc2lvbnMgLXAgLyBhZG1pbiAiLioiICIuKiIgIi4qIgojIC91c3Ivc2Jpbi9yYWJiaXRtcWN0bCBzZXRfcGVybWlzc2lvbnMgLXAgL21haW4vIGFkbWluICIuKiIgIi4qIiAiLioiCgojIFNldCBzb21lIHBvbGljaWVzLgovdXNyL3NiaW4vcmFiYml0bXFjdGwgc2V0X3BvbGljeSAtcCAvIHFtbC1wb2xpY3kgIi4qIiAneyJxdWV1ZS1tYXN0ZXItbG9jYXRvciI6InJhbmRvbSJ9JwojIC91c3Ivc2Jpbi9yYWJiaXRtcWN0bCBzZXRfcG9saWN5IC1wIC9tYWluLyB1YWUtcG9saWN5ICIuKiIgJ3sicXVldWUtbWFzdGVyLWxvY2F0b3IiOiJyYW5kb20iLCAiaGEtbW9kZSI6ICJhbGwiLCAiaGEtc3luYy1tb2RlIjogImF1dG9tYXRpYyJ9JwoKcmFiYml0bXFjdGwgc2V0X2NsdXN0ZXJfbmFtZSByYWJiaXRtcS1jbHVzdGVyLXBvYwo=",
            "vpc_security_group_ids": [
              "sg-06566651568ebaf8b"
            ]
          },
          "private": "bnVsbA==",
          "dependencies": [
            "module.iam_instance_profile_ec2.aws_iam_instance_profile.iam_instance_profile",
            "module.security_group_ec2.aws_security_group.security_group"
          ]
        }
      ]
    },
    {
      "module": "module.alb",
      "mode": "managed",
      "type": "aws_lb",
      "name": "lb",
      "provider": "provider.aws.services",
      "instances": [
        {
          "schema_version": 0,
          "attributes": {
            "access_logs": [
              {
                "bucket": "",
                "enabled": false,
                "prefix": ""
              }
            ],
            "arn": "arn:aws:elasticloadbalancing:eu-central-1:074912011001:loadbalancer/app/rabbitmq-alb/ba27e252406688be",
            "arn_suffix": "app/rabbitmq-alb/ba27e252406688be",
            "dns_name": "rabbitmq-alb-1527187311.eu-central-1.elb.amazonaws.com",
            "drop_invalid_header_fields": false,
            "enable_cross_zone_load_balancing": null,
            "enable_deletion_protection": false,
            "enable_http2": true,
            "id": "arn:aws:elasticloadbalancing:eu-central-1:074912011001:loadbalancer/app/rabbitmq-alb/ba27e252406688be",
            "idle_timeout": 60,
            "internal": false,
            "ip_address_type": "ipv4",
            "load_balancer_type": "application",
            "name": "rabbitmq-alb",
            "name_prefix": null,
            "security_groups": [
              "sg-000424855aee6b72f"
            ],
            "subnet_mapping": [
              {
                "allocation_id": "",
                "subnet_id": "subnet-07bc2aeb8127a9575"
              },
              {
                "allocation_id": "",
                "subnet_id": "subnet-07e4b3998eec84571"
              }
            ],
            "subnets": [
              "subnet-07bc2aeb8127a9575",
              "subnet-07e4b3998eec84571"
            ],
            "tags": {
              "BusinessUnit": "Platform Team",
              "Environment": "prod",
              "Name": "rabbitmq-alb",
              "Owner": "Platform Team",
              "Project": "POC"
            },
            "timeouts": null,
            "vpc_id": "vpc-05fa54f10e8dfa9f8",
            "zone_id": "Z215JYRZR1TBD5"
          },
          "private": "eyJlMmJmYjczMC1lY2FhLTExZTYtOGY4OC0zNDM2M2JjN2M0YzAiOnsiY3JlYXRlIjo2MDAwMDAwMDAwMDAsImRlbGV0ZSI6NjAwMDAwMDAwMDAwLCJ1cGRhdGUiOjYwMDAwMDAwMDAwMH19",
          "dependencies": [
            "module.security_group_alb.aws_security_group.security_group",
            "module.vpc_subnet_public_1a.aws_subnet.subnet",
            "module.vpc_subnet_public_1b.aws_subnet.subnet"
          ]
        }
      ]
    },
    {
      "module": "module.alb_listener",
      "mode": "managed",
      "type": "aws_lb_listener",
      "name": "lb_listener",
      "provider": "provider.aws.services",
      "instances": [
        {
          "schema_version": 0,
          "attributes": {
            "arn": "arn:aws:elasticloadbalancing:eu-central-1:074912011001:listener/app/rabbitmq-alb/ba27e252406688be/b00ce46c6188ec77",
            "certificate_arn": null,
            "default_action": [
              {
                "authenticate_cognito": [],
                "authenticate_oidc": [],
                "fixed_response": [],
                "order": 1,
                "redirect": [],
                "target_group_arn": "arn:aws:elasticloadbalancing:eu-central-1:074912011001:targetgroup/rabbitmq-alb-tg/ddd9f30b9a844171",
                "type": "forward"
              }
            ],
            "id": "arn:aws:elasticloadbalancing:eu-central-1:074912011001:listener/app/rabbitmq-alb/ba27e252406688be/b00ce46c6188ec77",
            "load_balancer_arn": "arn:aws:elasticloadbalancing:eu-central-1:074912011001:loadbalancer/app/rabbitmq-alb/ba27e252406688be",
            "port": 80,
            "protocol": "HTTP",
            "ssl_policy": "",
            "timeouts": null
          },
          "private": "eyJlMmJmYjczMC1lY2FhLTExZTYtOGY4OC0zNDM2M2JjN2M0YzAiOnsicmVhZCI6NjAwMDAwMDAwMDAwfX0=",
          "dependencies": [
            "module.alb.aws_lb.lb",
            "module.alb_target_group.aws_lb_target_group.lb_target_group",
            "module.security_group_alb.aws_security_group.security_group",
            "module.vpc_subnet_public_1a.aws_subnet.subnet",
            "module.vpc_subnet_public_1b.aws_subnet.subnet"
          ]
        }
      ]
    },
    {
      "module": "module.alb_target_group",
      "mode": "managed",
      "type": "aws_lb_target_group",
      "name": "lb_target_group",
      "provider": "provider.aws.services",
      "instances": [
        {
          "schema_version": 0,
          "attributes": {
            "arn": "arn:aws:elasticloadbalancing:eu-central-1:074912011001:targetgroup/rabbitmq-alb-tg/ddd9f30b9a844171",
            "arn_suffix": "targetgroup/rabbitmq-alb-tg/ddd9f30b9a844171",
            "deregistration_delay": 0,
            "health_check": [
              {
                "enabled": true,
                "healthy_threshold": 2,
                "interval": 5,
                "matcher": "200",
                "path": "/",
                "port": "traffic-port",
                "protocol": "HTTP",
                "timeout": 3,
                "unhealthy_threshold": 2
              }
            ],
            "id": "arn:aws:elasticloadbalancing:eu-central-1:074912011001:targetgroup/rabbitmq-alb-tg/ddd9f30b9a844171",
            "lambda_multi_value_headers_enabled": false,
            "load_balancing_algorithm_type": "round_robin",
            "name": "rabbitmq-alb-tg",
            "name_prefix": null,
            "port": 15672,
            "protocol": "HTTP",
            "proxy_protocol_v2": false,
            "slow_start": 0,
            "stickiness": [
              {
                "cookie_duration": 86400,
                "enabled": false,
                "type": "lb_cookie"
              }
            ],
            "tags": {
              "BusinessUnit": "Platform Team",
              "Environment": "prod",
              "Name": "rabbitmq-alb-tg",
              "Owner": "Platform Team",
              "Project": "POC"
            },
            "target_type": "instance",
            "vpc_id": "vpc-05fa54f10e8dfa9f8"
          },
          "private": "bnVsbA==",
          "dependencies": [
            "module.vpc.aws_vpc.vpc"
          ]
        }
      ]
    },
    {
      "module": "module.vpc_nat_gateway_private_1b",
      "mode": "managed",
      "type": "aws_nat_gateway",
      "name": "nat_gateway",
      "provider": "provider.aws",
      "instances": [
        {
          "schema_version": 0,
          "attributes": {
            "allocation_id": "eipalloc-0b581530b10e65dc9",
            "id": "nat-0be775624c8ba6f60",
            "network_interface_id": "eni-0d13bb5f971ec4311",
            "private_ip": "10.0.101.70",
            "public_ip": "18.156.149.255",
            "subnet_id": "subnet-07bc2aeb8127a9575",
            "tags": {
              "BusinessUnit": "Platform Team",
              "Environment": "prod",
              "Name": "rabbitmq-vpc-internet-gateway",
              "Owner": "Platform Team",
              "Project": "POC"
            }
          },
          "private": "bnVsbA==",
          "dependencies": [
            "module.eip_nat_gateway_1b.aws_eip.eip",
            "module.vpc.aws_vpc.vpc",
            "module.vpc_subnet_public_1b.aws_subnet.subnet"
          ]
        }
      ]
    },
    {
      "module": "module.vpc_nat_gateway_private_1a",
      "mode": "managed",
      "type": "aws_nat_gateway",
      "name": "nat_gateway",
      "provider": "provider.aws",
      "instances": [
        {
          "schema_version": 0,
          "attributes": {
            "allocation_id": "eipalloc-085e4225a01943b83",
            "id": "nat-0c77cdabbb258e264",
            "network_interface_id": "eni-05a30b9fb9b19573d",
            "private_ip": "10.0.59.161",
            "public_ip": "3.123.148.37",
            "subnet_id": "subnet-07e4b3998eec84571",
            "tags": {
              "BusinessUnit": "Platform Team",
              "Environment": "prod",
              "Name": "rabbitmq-vpc-internet-gateway",
              "Owner": "Platform Team",
              "Project": "POC"
            }
          },
          "private": "bnVsbA==",
          "dependencies": [
            "module.eip_nat_gateway_1a.aws_eip.eip",
            "module.vpc.aws_vpc.vpc",
            "module.vpc_subnet_public_1a.aws_subnet.subnet"
          ]
        }
      ]
    },
    {
      "module": "module.network_acl",
      "mode": "managed",
      "type": "aws_network_acl",
      "name": "network_acl",
      "provider": "provider.aws",
      "instances": [
        {
          "schema_version": 0,
          "attributes": {
            "egress": [
              {
                "action": "allow",
                "cidr_block": "0.0.0.0/0",
                "from_port": 0,
                "icmp_code": 0,
                "icmp_type": 0,
                "ipv6_cidr_block": "",
                "protocol": "-1",
                "rule_no": 100,
                "to_port": 0
              }
            ],
            "id": "acl-0887ee566050cf730",
            "ingress": [
              {
                "action": "allow",
                "cidr_block": "0.0.0.0/0",
                "from_port": 0,
                "icmp_code": 0,
                "icmp_type": 0,
                "ipv6_cidr_block": "",
                "protocol": "-1",
                "rule_no": 100,
                "to_port": 0
              }
            ],
            "owner_id": "074912011001",
            "subnet_id": null,
            "subnet_ids": [
              "subnet-0764fa88e3791e8ae",
              "subnet-07bc2aeb8127a9575",
              "subnet-07e4b3998eec84571",
              "subnet-0f738b73821a022a0"
            ],
            "tags": {
              "BusinessUnit": "Platform Team",
              "Environment": "prod",
              "Name": "rabbitmq-network-acl",
              "Owner": "Platform Team",
              "Project": "POC"
            },
            "vpc_id": "vpc-05fa54f10e8dfa9f8"
          },
          "private": "bnVsbA==",
          "dependencies": [
            "module.vpc.aws_vpc.vpc",
            "module.vpc_subnet_private_1a.aws_subnet.subnet",
            "module.vpc_subnet_private_1b.aws_subnet.subnet",
            "module.vpc_subnet_public_1a.aws_subnet.subnet",
            "module.vpc_subnet_public_1b.aws_subnet.subnet"
          ]
        }
      ]
    },
    {
      "module": "module.vpc_route_table_private_1a",
      "mode": "managed",
      "type": "aws_route_table",
      "name": "route_table",
      "provider": "provider.aws",
      "instances": [
        {
          "schema_version": 0,
          "attributes": {
            "id": "rtb-0a5bf99917771b2fe",
            "owner_id": "074912011001",
            "propagating_vgws": [],
            "route": [
              {
                "cidr_block": "0.0.0.0/0",
                "egress_only_gateway_id": "",
                "gateway_id": "",
                "instance_id": "",
                "ipv6_cidr_block": "",
                "nat_gateway_id": "nat-0c77cdabbb258e264",
                "network_interface_id": "",
                "transit_gateway_id": "",
                "vpc_peering_connection_id": ""
              }
            ],
            "tags": {
              "BusinessUnit": "Platform Team",
              "Environment": "prod",
              "Name": "rabbitmq-vpc-route-table-private-1a",
              "Owner": "Platform Team",
              "Project": "POC"
            },
            "vpc_id": "vpc-05fa54f10e8dfa9f8"
          },
          "private": "bnVsbA==",
          "dependencies": [
            "module.eip_nat_gateway_1a.aws_eip.eip",
            "module.vpc.aws_vpc.vpc",
            "module.vpc_nat_gateway_private_1a.aws_nat_gateway.nat_gateway",
            "module.vpc_subnet_public_1a.aws_subnet.subnet"
          ]
        }
      ]
    },
    {
      "module": "module.vpc_route_table_private_1b",
      "mode": "managed",
      "type": "aws_route_table",
      "name": "route_table",
      "provider": "provider.aws",
      "instances": [
        {
          "schema_version": 0,
          "attributes": {
            "id": "rtb-06a4b8546fb133a26",
            "owner_id": "074912011001",
            "propagating_vgws": [],
            "route": [
              {
                "cidr_block": "0.0.0.0/0",
                "egress_only_gateway_id": "",
                "gateway_id": "",
                "instance_id": "",
                "ipv6_cidr_block": "",
                "nat_gateway_id": "nat-0be775624c8ba6f60",
                "network_interface_id": "",
                "transit_gateway_id": "",
                "vpc_peering_connection_id": ""
              }
            ],
            "tags": {
              "BusinessUnit": "Platform Team",
              "Environment": "prod",
              "Name": "rabbitmq-vpc-route-table-private-1b",
              "Owner": "Platform Team",
              "Project": "POC"
            },
            "vpc_id": "vpc-05fa54f10e8dfa9f8"
          },
          "private": "bnVsbA==",
          "dependencies": [
            "module.eip_nat_gateway_1b.aws_eip.eip",
            "module.vpc.aws_vpc.vpc",
            "module.vpc_nat_gateway_private_1b.aws_nat_gateway.nat_gateway",
            "module.vpc_subnet_public_1b.aws_subnet.subnet"
          ]
        }
      ]
    },
    {
      "module": "module.vpc_route_table_public",
      "mode": "managed",
      "type": "aws_route_table",
      "name": "route_table",
      "provider": "provider.aws",
      "instances": [
        {
          "schema_version": 0,
          "attributes": {
            "id": "rtb-078a038ca3de4eaa4",
            "owner_id": "074912011001",
            "propagating_vgws": [],
            "route": [
              {
                "cidr_block": "0.0.0.0/0",
                "egress_only_gateway_id": "",
                "gateway_id": "igw-0c93f1b8c11e2a700",
                "instance_id": "",
                "ipv6_cidr_block": "",
                "nat_gateway_id": "",
                "network_interface_id": "",
                "transit_gateway_id": "",
                "vpc_peering_connection_id": ""
              }
            ],
            "tags": {
              "BusinessUnit": "Platform Team",
              "Environment": "prod",
              "Name": "rabbitmq-vpc-route-table-public",
              "Owner": "Platform Team",
              "Project": "POC"
            },
            "vpc_id": "vpc-05fa54f10e8dfa9f8"
          },
          "private": "bnVsbA==",
          "dependencies": [
            "module.vpc.aws_vpc.vpc",
            "module.vpc_internet_gateway.aws_internet_gateway.internet_gateway"
          ]
        }
      ]
    },
    {
      "module": "module.route_table_association_public_1a",
      "mode": "managed",
      "type": "aws_route_table_association",
      "name": "route_table_association",
      "provider": "provider.aws",
      "instances": [
        {
          "schema_version": 0,
          "attributes": {
            "gateway_id": null,
            "id": "rtbassoc-0bafff6073a56e68f",
            "route_table_id": "rtb-078a038ca3de4eaa4",
            "subnet_id": "subnet-07e4b3998eec84571"
          },
          "private": "bnVsbA==",
          "dependencies": [
            "module.vpc.aws_vpc.vpc",
            "module.vpc_internet_gateway.aws_internet_gateway.internet_gateway",
            "module.vpc_route_table_public.aws_route_table.route_table",
            "module.vpc_subnet_public_1a.aws_subnet.subnet"
          ]
        }
      ]
    },
    {
      "module": "module.route_table_association_private_1b",
      "mode": "managed",
      "type": "aws_route_table_association",
      "name": "route_table_association",
      "provider": "provider.aws",
      "instances": [
        {
          "schema_version": 0,
          "attributes": {
            "gateway_id": null,
            "id": "rtbassoc-038d2e81108504fdf",
            "route_table_id": "rtb-06a4b8546fb133a26",
            "subnet_id": "subnet-0f738b73821a022a0"
          },
          "private": "bnVsbA==",
          "dependencies": [
            "module.eip_nat_gateway_1b.aws_eip.eip",
            "module.vpc.aws_vpc.vpc",
            "module.vpc_nat_gateway_private_1b.aws_nat_gateway.nat_gateway",
            "module.vpc_route_table_private_1b.aws_route_table.route_table",
            "module.vpc_subnet_private_1b.aws_subnet.subnet",
            "module.vpc_subnet_public_1b.aws_subnet.subnet"
          ]
        }
      ]
    },
    {
      "module": "module.route_table_association_public_1b",
      "mode": "managed",
      "type": "aws_route_table_association",
      "name": "route_table_association",
      "provider": "provider.aws",
      "instances": [
        {
          "schema_version": 0,
          "attributes": {
            "gateway_id": null,
            "id": "rtbassoc-0b2d8a0b95a476699",
            "route_table_id": "rtb-078a038ca3de4eaa4",
            "subnet_id": "subnet-07bc2aeb8127a9575"
          },
          "private": "bnVsbA==",
          "dependencies": [
            "module.vpc.aws_vpc.vpc",
            "module.vpc_internet_gateway.aws_internet_gateway.internet_gateway",
            "module.vpc_route_table_public.aws_route_table.route_table",
            "module.vpc_subnet_public_1b.aws_subnet.subnet"
          ]
        }
      ]
    },
    {
      "module": "module.route_table_association_private_1a",
      "mode": "managed",
      "type": "aws_route_table_association",
      "name": "route_table_association",
      "provider": "provider.aws",
      "instances": [
        {
          "schema_version": 0,
          "attributes": {
            "gateway_id": null,
            "id": "rtbassoc-07035dfb3d733febc",
            "route_table_id": "rtb-0a5bf99917771b2fe",
            "subnet_id": "subnet-0764fa88e3791e8ae"
          },
          "private": "bnVsbA==",
          "dependencies": [
            "module.eip_nat_gateway_1a.aws_eip.eip",
            "module.vpc.aws_vpc.vpc",
            "module.vpc_nat_gateway_private_1a.aws_nat_gateway.nat_gateway",
            "module.vpc_route_table_private_1a.aws_route_table.route_table",
            "module.vpc_subnet_private_1a.aws_subnet.subnet",
            "module.vpc_subnet_public_1a.aws_subnet.subnet"
          ]
        }
      ]
    },
    {
      "module": "module.security_group_alb",
      "mode": "managed",
      "type": "aws_security_group",
      "name": "security_group",
      "provider": "provider.aws",
      "instances": [
        {
          "schema_version": 1,
          "attributes": {
            "arn": "arn:aws:ec2:eu-central-1:074912011001:security-group/sg-000424855aee6b72f",
            "description": "ALB Security Group that allows traffic from whitelisted ips",
            "egress": [
              {
                "cidr_blocks": [
                  "0.0.0.0/0"
                ],
                "description": "The egress rule allows all ports",
                "from_port": 0,
                "ipv6_cidr_blocks": [],
                "prefix_list_ids": [],
                "protocol": "-1",
                "security_groups": [],
                "self": false,
                "to_port": 0
              }
            ],
            "id": "sg-000424855aee6b72f",
            "ingress": [
              {
                "cidr_blocks": [
                  "82.17.235.49/32"
                ],
                "description": "Ingress rule that allows traffic from whitelisted ips",
                "from_port": 80,
                "ipv6_cidr_blocks": [],
                "prefix_list_ids": [],
                "protocol": "tcp",
                "security_groups": [],
                "self": false,
                "to_port": 80
              }
            ],
            "name": "rabbitmq-sg-alb-20200420094014224400000001",
            "name_prefix": "rabbitmq-sg-alb-",
            "owner_id": "074912011001",
            "revoke_rules_on_delete": true,
            "tags": {},
            "timeouts": null,
            "vpc_id": "vpc-05fa54f10e8dfa9f8"
          },
          "private": "eyJlMmJmYjczMC1lY2FhLTExZTYtOGY4OC0zNDM2M2JjN2M0YzAiOnsiY3JlYXRlIjo2MDAwMDAwMDAwMDAsImRlbGV0ZSI6NjAwMDAwMDAwMDAwfSwic2NoZW1hX3ZlcnNpb24iOiIxIn0=",
          "dependencies": [
            "module.vpc.aws_vpc.vpc"
          ]
        }
      ]
    },
    {
      "module": "module.security_group_ec2",
      "mode": "managed",
      "type": "aws_security_group",
      "name": "security_group",
      "provider": "provider.aws",
      "instances": [
        {
          "schema_version": 1,
          "attributes": {
            "arn": "arn:aws:ec2:eu-central-1:074912011001:security-group/sg-06566651568ebaf8b",
            "description": "EC2 Security Group that allows traffic from whitelisted ips",
            "egress": [
              {
                "cidr_blocks": [
                  "0.0.0.0/0"
                ],
                "description": "The egress rule allows all ports",
                "from_port": 0,
                "ipv6_cidr_blocks": [],
                "prefix_list_ids": [],
                "protocol": "-1",
                "security_groups": [],
                "self": false,
                "to_port": 0
              }
            ],
            "id": "sg-06566651568ebaf8b",
            "ingress": [
              {
                "cidr_blocks": [
                  "10.0.0.0/16"
                ],
                "description": "Ingress rule that allows traffic from whitelisted ips",
                "from_port": 0,
                "ipv6_cidr_blocks": [],
                "prefix_list_ids": [],
                "protocol": "-1",
                "security_groups": [],
                "self": false,
                "to_port": 0
              }
            ],
            "name": "rabbitmq-sg-ec2-20200420094014233100000002",
            "name_prefix": "rabbitmq-sg-ec2-",
            "owner_id": "074912011001",
            "revoke_rules_on_delete": true,
            "tags": {},
            "timeouts": null,
            "vpc_id": "vpc-05fa54f10e8dfa9f8"
          },
          "private": "eyJlMmJmYjczMC1lY2FhLTExZTYtOGY4OC0zNDM2M2JjN2M0YzAiOnsiY3JlYXRlIjo2MDAwMDAwMDAwMDAsImRlbGV0ZSI6NjAwMDAwMDAwMDAwfSwic2NoZW1hX3ZlcnNpb24iOiIxIn0=",
          "dependencies": [
            "module.vpc.aws_vpc.vpc"
          ]
        }
      ]
    },
    {
      "module": "module.vpc_subnet_public_1a",
      "mode": "managed",
      "type": "aws_subnet",
      "name": "subnet",
      "provider": "provider.aws",
      "instances": [
        {
          "schema_version": 1,
          "attributes": {
            "arn": "arn:aws:ec2:eu-central-1:074912011001:subnet/subnet-07e4b3998eec84571",
            "assign_ipv6_address_on_creation": false,
            "availability_zone": "eu-central-1a",
            "availability_zone_id": "euc1-az2",
            "cidr_block": "10.0.0.0/18",
            "id": "subnet-07e4b3998eec84571",
            "ipv6_cidr_block": "",
            "ipv6_cidr_block_association_id": "",
            "map_public_ip_on_launch": false,
            "owner_id": "074912011001",
            "tags": {
              "BusinessUnit": "Platform Team",
              "Environment": "prod",
              "Name": "rabbitmq-subnet-public-1a",
              "Owner": "Platform Team",
              "Project": "POC"
            },
            "timeouts": null,
            "vpc_id": "vpc-05fa54f10e8dfa9f8"
          },
          "private": "eyJlMmJmYjczMC1lY2FhLTExZTYtOGY4OC0zNDM2M2JjN2M0YzAiOnsiY3JlYXRlIjo2MDAwMDAwMDAwMDAsImRlbGV0ZSI6MTIwMDAwMDAwMDAwMH0sInNjaGVtYV92ZXJzaW9uIjoiMSJ9",
          "dependencies": [
            "module.vpc.aws_vpc.vpc"
          ]
        }
      ]
    },
    {
      "module": "module.vpc_subnet_private_1b",
      "mode": "managed",
      "type": "aws_subnet",
      "name": "subnet",
      "provider": "provider.aws",
      "instances": [
        {
          "schema_version": 1,
          "attributes": {
            "arn": "arn:aws:ec2:eu-central-1:074912011001:subnet/subnet-0f738b73821a022a0",
            "assign_ipv6_address_on_creation": false,
            "availability_zone": "eu-central-1b",
            "availability_zone_id": "euc1-az3",
            "cidr_block": "10.0.192.0/18",
            "id": "subnet-0f738b73821a022a0",
            "ipv6_cidr_block": "",
            "ipv6_cidr_block_association_id": "",
            "map_public_ip_on_launch": false,
            "owner_id": "074912011001",
            "tags": {
              "BusinessUnit": "Platform Team",
              "Environment": "prod",
              "Name": "rabbitmq-subnet-private-1b",
              "Owner": "Platform Team",
              "Project": "POC"
            },
            "timeouts": null,
            "vpc_id": "vpc-05fa54f10e8dfa9f8"
          },
          "private": "eyJlMmJmYjczMC1lY2FhLTExZTYtOGY4OC0zNDM2M2JjN2M0YzAiOnsiY3JlYXRlIjo2MDAwMDAwMDAwMDAsImRlbGV0ZSI6MTIwMDAwMDAwMDAwMH0sInNjaGVtYV92ZXJzaW9uIjoiMSJ9",
          "dependencies": [
            "module.vpc.aws_vpc.vpc"
          ]
        }
      ]
    },
    {
      "module": "module.vpc_subnet_public_1b",
      "mode": "managed",
      "type": "aws_subnet",
      "name": "subnet",
      "provider": "provider.aws",
      "instances": [
        {
          "schema_version": 1,
          "attributes": {
            "arn": "arn:aws:ec2:eu-central-1:074912011001:subnet/subnet-07bc2aeb8127a9575",
            "assign_ipv6_address_on_creation": false,
            "availability_zone": "eu-central-1b",
            "availability_zone_id": "euc1-az3",
            "cidr_block": "10.0.64.0/18",
            "id": "subnet-07bc2aeb8127a9575",
            "ipv6_cidr_block": "",
            "ipv6_cidr_block_association_id": "",
            "map_public_ip_on_launch": false,
            "owner_id": "074912011001",
            "tags": {
              "BusinessUnit": "Platform Team",
              "Environment": "prod",
              "Name": "rabbitmq-subnet-public-1b",
              "Owner": "Platform Team",
              "Project": "POC"
            },
            "timeouts": null,
            "vpc_id": "vpc-05fa54f10e8dfa9f8"
          },
          "private": "eyJlMmJmYjczMC1lY2FhLTExZTYtOGY4OC0zNDM2M2JjN2M0YzAiOnsiY3JlYXRlIjo2MDAwMDAwMDAwMDAsImRlbGV0ZSI6MTIwMDAwMDAwMDAwMH0sInNjaGVtYV92ZXJzaW9uIjoiMSJ9",
          "dependencies": [
            "module.vpc.aws_vpc.vpc"
          ]
        }
      ]
    },
    {
      "module": "module.vpc_subnet_private_1a",
      "mode": "managed",
      "type": "aws_subnet",
      "name": "subnet",
      "provider": "provider.aws",
      "instances": [
        {
          "schema_version": 1,
          "attributes": {
            "arn": "arn:aws:ec2:eu-central-1:074912011001:subnet/subnet-0764fa88e3791e8ae",
            "assign_ipv6_address_on_creation": false,
            "availability_zone": "eu-central-1a",
            "availability_zone_id": "euc1-az2",
            "cidr_block": "10.0.128.0/18",
            "id": "subnet-0764fa88e3791e8ae",
            "ipv6_cidr_block": "",
            "ipv6_cidr_block_association_id": "",
            "map_public_ip_on_launch": false,
            "owner_id": "074912011001",
            "tags": {
              "BusinessUnit": "Platform Team",
              "Environment": "prod",
              "Name": "rabbitmq-subnet-private-1a",
              "Owner": "Platform Team",
              "Project": "POC"
            },
            "timeouts": null,
            "vpc_id": "vpc-05fa54f10e8dfa9f8"
          },
          "private": "eyJlMmJmYjczMC1lY2FhLTExZTYtOGY4OC0zNDM2M2JjN2M0YzAiOnsiY3JlYXRlIjo2MDAwMDAwMDAwMDAsImRlbGV0ZSI6MTIwMDAwMDAwMDAwMH0sInNjaGVtYV92ZXJzaW9uIjoiMSJ9",
          "dependencies": [
            "module.vpc.aws_vpc.vpc"
          ]
        }
      ]
    },
    {
      "module": "module.vpc",
      "mode": "managed",
      "type": "aws_vpc",
      "name": "vpc",
      "provider": "provider.aws.services",
      "instances": [
        {
          "schema_version": 1,
          "attributes": {
            "arn": "arn:aws:ec2:eu-central-1:074912011001:vpc/vpc-05fa54f10e8dfa9f8",
            "assign_generated_ipv6_cidr_block": false,
            "cidr_block": "10.0.0.0/16",
            "default_network_acl_id": "acl-0b2a5179636b6a987",
            "default_route_table_id": "rtb-06aaf51d7c6d47ddd",
            "default_security_group_id": "sg-0c5311e81f5a3811c",
            "dhcp_options_id": "dopt-5caabe37",
            "enable_classiclink": false,
            "enable_classiclink_dns_support": false,
            "enable_dns_hostnames": true,
            "enable_dns_support": true,
            "id": "vpc-05fa54f10e8dfa9f8",
            "instance_tenancy": "default",
            "ipv6_association_id": "",
            "ipv6_cidr_block": "",
            "main_route_table_id": "rtb-06aaf51d7c6d47ddd",
            "owner_id": "074912011001",
            "tags": {
              "BusinessUnit": "Platform Team",
              "Environment": "prod",
              "Name": "rabbitmq-vpc",
              "Owner": "Platform Team",
              "Project": "POC"
            }
          },
          "private": "eyJzY2hlbWFfdmVyc2lvbiI6IjEifQ=="
        }
      ]
    },
    {
      "mode": "managed",
      "type": "random_string",
      "name": "random",
      "provider": "provider.random",
      "instances": [
        {
          "schema_version": 1,
          "attributes": {
            "id": "ASIQVMEVRXWVPFGHSQMFIWV",
            "keepers": null,
            "length": 23,
            "lower": true,
            "min_lower": 0,
            "min_numeric": 0,
            "min_special": 0,
            "min_upper": 23,
            "number": true,
            "override_special": null,
            "result": "ASIQVMEVRXWVPFGHSQMFIWV",
            "special": false,
            "upper": true
          },
          "private": "eyJzY2hlbWFfdmVyc2lvbiI6IjEifQ=="
        }
      ]
    }
  ]
}
